
Microsoft Visual Studio Solution File, Format Version 12.00
# Visual Studio Version 17
VisualStudioVersion = 17.0.32112.339
MinimumVisualStudioVersion = 10.0.40219.1
Project("{FAE04EC0-301F-11D3-BF4B-00C04F79EFBC}") = "ArbolBinario", "ArbolBinario\ArbolBinario.csproj", "{A68DF920-CEDE-4221-A42A-BE3B49DDD1BD}"
EndProject
Global
	GlobalSection(SolutionConfigurationPlatforms) = preSolution
		Debug|Any CPU = Debug|Any CPU
		Release|Any CPU = Release|Any CPU
	EndGlobalSection
	GlobalSection(ProjectConfigurationPlatforms) = postSolution
		{A68DF920-CEDE-4221-A42A-BE3B49DDD1BD}.Debug|Any CPU.ActiveCfg = Debug|Any CPU
		{A68DF920-CEDE-4221-A42A-BE3B49DDD1BD}.Debug|Any CPU.Build.0 = Debug|Any CPU
		{A68DF920-CEDE-4221-A42A-BE3B49DDD1BD}.Release|Any CPU.ActiveCfg = Release|Any CPU
		{A68DF920-CEDE-4221-A42A-BE3B49DDD1BD}.Release|Any CPU.Build.0 = Release|Any CPU
	EndGlobalSection
	GlobalSection(SolutionProperties) = preSolution
		HideSolutionNode = FALSE
	EndGlobalSection
	GlobalSection(ExtensibilityGlobals) = postSolution
		SolutionGuid = {E94087D3-8E62-4D25-B94B-31828A4BB863}
	EndGlobalSection
EndGlobal
